{
  "name": "@witiquetas/printer-pplb",
  "version": "0.1.0",
  "lockfileVersion": 3,
  "requires": true,
  "packages": {
    "": {
      "name": "@witiquetas/printer-pplb",
      "version": "0.1.0",
      "dependencies": {
        "@witiquetas/label-schema": "file:../label-schema",
        "@witiquetas/printer-core": "file:../printer-core"
      },
      "devDependencies": {
        "typescript": "^5.5.2"
      }
    },
    "../label-schema": {
      "name": "@witiquetas/label-schema",
      "version": "0.1.0",
      "dependencies": {
        "zod": "^3.23.8"
      },
      "devDependencies": {
        "typescript": "^5.5.2"
      }
    },
    "../printer-core": {
      "name": "@witiquetas/printer-core",
      "version": "0.1.0",
      "dependencies": {
        "@witiquetas/label-schema": "file:../label-schema"
      },
      "devDependencies": {
        "typescript": "^5.5.2"
      }
    },
    "node_modules/@witiquetas/label-schema": {
      "resolved": "../label-schema",
      "link": true
    },
    "node_modules/@witiquetas/printer-core": {
      "resolved": "../printer-core",
      "link": true
    },
    "node_modules/typescript": {
      "version": "5.9.3",
      "resolved": "https://registry.npmjs.org/typescript/-/typescript-5.9.3.tgz",
      "integrity": "sha512-jl1vZzPDinLr9eUt3J/t7V6FgNEw9QjvBPdysz9KfQDD41fQrC2Y4vKQdiaUpFT4bXlb1RHhLpp8wtm6M5TgSw==",
      "dev": true,
      "license": "Apache-2.0",
      "bin": {
        "tsc": "bin/tsc",
        "tsserver": "bin/tsserver"
      },
      "engines": {
        "node": ">=14.17"
      }
    }
  }
}
